# THIS IS AN AUTOGENERATED FILE. DO NOT EDIT THIS FILE DIRECTLY.
# yarn lockfile v1


"@babel/runtime@^7.10.5", "@babel/runtime@^7.12.5", "@babel/runtime@^7.17.2":
  "version" "7.21.0"
  dependencies:
    "regenerator-runtime" "^0.13.11"

"@bundlr-network/client@^0.8.8":
  "version" "0.8.9"
  dependencies:
    "@solana/wallet-adapter-base" "^0.9.2"
    "@solana/web3.js" "^1.36.0"
    "@supercharge/promise-pool" "^2.1.0"
    "algosdk" "^1.13.1"
    "arbundles" "^0.6.21"
    "arweave" "^1.11.4"
    "async-retry" "^1.3.3"
    "axios" "^0.25.0"
    "base64url" "^3.0.1"
    "bignumber.js" "^9.0.1"
    "bs58" "^4.0.1"
    "commander" "^8.2.0"
    "csv" "^6.0.5"
    "ethers" "^5.5.1"
    "inquirer" "^8.2.0"
    "js-sha256" "^0.9.0"
    "mime-types" "^2.1.34"
    "near-api-js" "^0.44.2"
    "near-seed-phrase" "^0.2.0"

"@coral-xyz/borsh@^0.26.0":
  "version" "0.26.0"
  dependencies:
    "bn.js" "^5.1.2"
    "buffer-layout" "^1.2.0"

"@ethersproject/abi@^5.7.0", "@ethersproject/abi@5.7.0":
  "version" "5.7.0"
  dependencies:
    "@ethersproject/address" "^5.7.0"
    "@ethersproject/bignumber" "^5.7.0"
    "@ethersproject/bytes" "^5.7.0"
    "@ethersproject/constants" "^5.7.0"
    "@ethersproject/hash" "^5.7.0"
    "@ethersproject/keccak256" "^5.7.0"
    "@ethersproject/logger" "^5.7.0"
    "@ethersproject/properties" "^5.7.0"
    "@ethersproject/strings" "^5.7.0"

"@ethersproject/abstract-provider@^5.7.0", "@ethersproject/abstract-provider@5.7.0":
  "version" "5.7.0"
  dependencies:
    "@ethersproject/bignumber" "^5.7.0"
    "@ethersproject/bytes" "^5.7.0"
    "@ethersproject/logger" "^5.7.0"
    "@ethersproject/networks" "^5.7.0"
    "@ethersproject/properties" "^5.7.0"
    "@ethersproject/transactions" "^5.7.0"
    "@ethersproject/web" "^5.7.0"

"@ethersproject/abstract-signer@^5.7.0", "@ethersproject/abstract-signer@5.7.0":
  "version" "5.7.0"
  dependencies:
    "@ethersproject/abstract-provider" "^5.7.0"
    "@ethersproject/bignumber" "^5.7.0"
    "@ethersproject/bytes" "^5.7.0"
    "@ethersproject/logger" "^5.7.0"
    "@ethersproject/properties" "^5.7.0"

"@ethersproject/address@^5.7.0", "@ethersproject/address@5.7.0":
  "version" "5.7.0"
  dependencies:
    "@ethersproject/bignumber" "^5.7.0"
    "@ethersproject/bytes" "^5.7.0"
    "@ethersproject/keccak256" "^5.7.0"
    "@ethersproject/logger" "^5.7.0"
    "@ethersproject/rlp" "^5.7.0"

"@ethersproject/base64@^5.7.0", "@ethersproject/base64@5.7.0":
  "version" "5.7.0"
  dependencies:
    "@ethersproject/bytes" "^5.7.0"

"@ethersproject/basex@^5.7.0", "@ethersproject/basex@5.7.0":
  "version" "5.7.0"
  dependencies:
    "@ethersproject/bytes" "^5.7.0"
    "@ethersproject/properties" "^5.7.0"

"@ethersproject/bignumber@^5.7.0", "@ethersproject/bignumber@5.7.0":
  "version" "5.7.0"
  dependencies:
    "@ethersproject/bytes" "^5.7.0"
    "@ethersproject/logger" "^5.7.0"
    "bn.js" "^5.2.1"

"@ethersproject/bytes@^5.7.0", "@ethersproject/bytes@5.7.0":
  "version" "5.7.0"
  dependencies:
    "@ethersproject/logger" "^5.7.0"

"@ethersproject/constants@^5.7.0", "@ethersproject/constants@5.7.0":
  "version" "5.7.0"
  dependencies:
    "@ethersproject/bignumber" "^5.7.0"

"@ethersproject/contracts@5.7.0":
  "version" "5.7.0"
  dependencies:
    "@ethersproject/abi" "^5.7.0"
    "@ethersproject/abstract-provider" "^5.7.0"
    "@ethersproject/abstract-signer" "^5.7.0"
    "@ethersproject/address" "^5.7.0"
    "@ethersproject/bignumber" "^5.7.0"
    "@ethersproject/bytes" "^5.7.0"
    "@ethersproject/constants" "^5.7.0"
    "@ethersproject/logger" "^5.7.0"
    "@ethersproject/properties" "^5.7.0"
    "@ethersproject/transactions" "^5.7.0"

"@ethersproject/hash@^5.7.0", "@ethersproject/hash@5.7.0":
  "version" "5.7.0"
  dependencies:
    "@ethersproject/abstract-signer" "^5.7.0"
    "@ethersproject/address" "^5.7.0"
    "@ethersproject/base64" "^5.7.0"
    "@ethersproject/bignumber" "^5.7.0"
    "@ethersproject/bytes" "^5.7.0"
    "@ethersproject/keccak256" "^5.7.0"
    "@ethersproject/logger" "^5.7.0"
    "@ethersproject/properties" "^5.7.0"
    "@ethersproject/strings" "^5.7.0"

"@ethersproject/hdnode@^5.7.0", "@ethersproject/hdnode@5.7.0":
  "version" "5.7.0"
  dependencies:
    "@ethersproject/abstract-signer" "^5.7.0"
    "@ethersproject/basex" "^5.7.0"
    "@ethersproject/bignumber" "^5.7.0"
    "@ethersproject/bytes" "^5.7.0"
    "@ethersproject/logger" "^5.7.0"
    "@ethersproject/pbkdf2" "^5.7.0"
    "@ethersproject/properties" "^5.7.0"
    "@ethersproject/sha2" "^5.7.0"
    "@ethersproject/signing-key" "^5.7.0"
    "@ethersproject/strings" "^5.7.0"
    "@ethersproject/transactions" "^5.7.0"
    "@ethersproject/wordlists" "^5.7.0"

"@ethersproject/json-wallets@^5.7.0", "@ethersproject/json-wallets@5.7.0":
  "version" "5.7.0"
  dependencies:
    "@ethersproject/abstract-signer" "^5.7.0"
    "@ethersproject/address" "^5.7.0"
    "@ethersproject/bytes" "^5.7.0"
    "@ethersproject/hdnode" "^5.7.0"
    "@ethersproject/keccak256" "^5.7.0"
    "@ethersproject/logger" "^5.7.0"
    "@ethersproject/pbkdf2" "^5.7.0"
    "@ethersproject/properties" "^5.7.0"
    "@ethersproject/random" "^5.7.0"
    "@ethersproject/strings" "^5.7.0"
    "@ethersproject/transactions" "^5.7.0"
    "aes-js" "3.0.0"
    "scrypt-js" "3.0.1"

"@ethersproject/keccak256@^5.7.0", "@ethersproject/keccak256@5.7.0":
  "version" "5.7.0"
  dependencies:
    "@ethersproject/bytes" "^5.7.0"
    "js-sha3" "0.8.0"

"@ethersproject/logger@^5.7.0", "@ethersproject/logger@5.7.0":
  "version" "5.7.0"

"@ethersproject/networks@^5.7.0", "@ethersproject/networks@5.7.1":
  "version" "5.7.1"
  dependencies:
    "@ethersproject/logger" "^5.7.0"

"@ethersproject/pbkdf2@^5.7.0", "@ethersproject/pbkdf2@5.7.0":
  "version" "5.7.0"
  dependencies:
    "@ethersproject/bytes" "^5.7.0"
    "@ethersproject/sha2" "^5.7.0"

"@ethersproject/properties@^5.7.0", "@ethersproject/properties@5.7.0":
  "version" "5.7.0"
  dependencies:
    "@ethersproject/logger" "^5.7.0"

"@ethersproject/providers@5.7.2":
  "version" "5.7.2"
  dependencies:
    "@ethersproject/abstract-provider" "^5.7.0"
    "@ethersproject/abstract-signer" "^5.7.0"
    "@ethersproject/address" "^5.7.0"
    "@ethersproject/base64" "^5.7.0"
    "@ethersproject/basex" "^5.7.0"
    "@ethersproject/bignumber" "^5.7.0"
    "@ethersproject/bytes" "^5.7.0"
    "@ethersproject/constants" "^5.7.0"
    "@ethersproject/hash" "^5.7.0"
    "@ethersproject/logger" "^5.7.0"
    "@ethersproject/networks" "^5.7.0"
    "@ethersproject/properties" "^5.7.0"
    "@ethersproject/random" "^5.7.0"
    "@ethersproject/rlp" "^5.7.0"
    "@ethersproject/sha2" "^5.7.0"
    "@ethersproject/strings" "^5.7.0"
    "@ethersproject/transactions" "^5.7.0"
    "@ethersproject/web" "^5.7.0"
    "bech32" "1.1.4"
    "ws" "7.4.6"

"@ethersproject/random@^5.7.0", "@ethersproject/random@5.7.0":
  "version" "5.7.0"
  dependencies:
    "@ethersproject/bytes" "^5.7.0"
    "@ethersproject/logger" "^5.7.0"

"@ethersproject/rlp@^5.7.0", "@ethersproject/rlp@5.7.0":
  "version" "5.7.0"
  dependencies:
    "@ethersproject/bytes" "^5.7.0"
    "@ethersproject/logger" "^5.7.0"

"@ethersproject/sha2@^5.7.0", "@ethersproject/sha2@5.7.0":
  "version" "5.7.0"
  dependencies:
    "@ethersproject/bytes" "^5.7.0"
    "@ethersproject/logger" "^5.7.0"
    "hash.js" "1.1.7"

"@ethersproject/signing-key@^5.7.0", "@ethersproject/signing-key@5.7.0":
  "version" "5.7.0"
  dependencies:
    "@ethersproject/bytes" "^5.7.0"
    "@ethersproject/logger" "^5.7.0"
    "@ethersproject/properties" "^5.7.0"
    "bn.js" "^5.2.1"
    "elliptic" "6.5.4"
    "hash.js" "1.1.7"

"@ethersproject/solidity@5.7.0":
  "version" "5.7.0"
  dependencies:
    "@ethersproject/bignumber" "^5.7.0"
    "@ethersproject/bytes" "^5.7.0"
    "@ethersproject/keccak256" "^5.7.0"
    "@ethersproject/logger" "^5.7.0"
    "@ethersproject/sha2" "^5.7.0"
    "@ethersproject/strings" "^5.7.0"

"@ethersproject/strings@^5.7.0", "@ethersproject/strings@5.7.0":
  "version" "5.7.0"
  dependencies:
    "@ethersproject/bytes" "^5.7.0"
    "@ethersproject/constants" "^5.7.0"
    "@ethersproject/logger" "^5.7.0"

"@ethersproject/transactions@^5.7.0", "@ethersproject/transactions@5.7.0":
  "version" "5.7.0"
  dependencies:
    "@ethersproject/address" "^5.7.0"
    "@ethersproject/bignumber" "^5.7.0"
    "@ethersproject/bytes" "^5.7.0"
    "@ethersproject/constants" "^5.7.0"
    "@ethersproject/keccak256" "^5.7.0"
    "@ethersproject/logger" "^5.7.0"
    "@ethersproject/properties" "^5.7.0"
    "@ethersproject/rlp" "^5.7.0"
    "@ethersproject/signing-key" "^5.7.0"

"@ethersproject/units@5.7.0":
  "version" "5.7.0"
  dependencies:
    "@ethersproject/bignumber" "^5.7.0"
    "@ethersproject/constants" "^5.7.0"
    "@ethersproject/logger" "^5.7.0"

"@ethersproject/wallet@5.7.0":
  "version" "5.7.0"
  dependencies:
    "@ethersproject/abstract-provider" "^5.7.0"
    "@ethersproject/abstract-signer" "^5.7.0"
    "@ethersproject/address" "^5.7.0"
    "@ethersproject/bignumber" "^5.7.0"
    "@ethersproject/bytes" "^5.7.0"
    "@ethersproject/hash" "^5.7.0"
    "@ethersproject/hdnode" "^5.7.0"
    "@ethersproject/json-wallets" "^5.7.0"
    "@ethersproject/keccak256" "^5.7.0"
    "@ethersproject/logger" "^5.7.0"
    "@ethersproject/properties" "^5.7.0"
    "@ethersproject/random" "^5.7.0"
    "@ethersproject/signing-key" "^5.7.0"
    "@ethersproject/transactions" "^5.7.0"
    "@ethersproject/wordlists" "^5.7.0"

"@ethersproject/web@^5.7.0", "@ethersproject/web@5.7.1":
  "version" "5.7.1"
  dependencies:
    "@ethersproject/base64" "^5.7.0"
    "@ethersproject/bytes" "^5.7.0"
    "@ethersproject/logger" "^5.7.0"
    "@ethersproject/properties" "^5.7.0"
    "@ethersproject/strings" "^5.7.0"

"@ethersproject/wordlists@^5.7.0", "@ethersproject/wordlists@5.7.0":
  "version" "5.7.0"
  dependencies:
    "@ethersproject/bytes" "^5.7.0"
    "@ethersproject/hash" "^5.7.0"
    "@ethersproject/logger" "^5.7.0"
    "@ethersproject/properties" "^5.7.0"
    "@ethersproject/strings" "^5.7.0"

"@metaplex-foundation/beet-solana@^0.3.0", "@metaplex-foundation/beet-solana@^0.3.1":
  "version" "0.3.1"
  dependencies:
    "@metaplex-foundation/beet" ">=0.1.0"
    "@solana/web3.js" "^1.56.2"
    "bs58" "^5.0.0"
    "debug" "^4.3.4"

"@metaplex-foundation/beet-solana@^0.4.0":
  "version" "0.4.0"
  dependencies:
    "@metaplex-foundation/beet" ">=0.1.0"
    "@solana/web3.js" "^1.56.2"
    "bs58" "^5.0.0"
    "debug" "^4.3.4"

"@metaplex-foundation/beet@^0.4.0":
  "version" "0.4.0"
  dependencies:
    "ansicolors" "^0.3.2"
    "bn.js" "^5.2.0"
    "debug" "^4.3.3"

"@metaplex-foundation/beet@^0.6.1":
  "version" "0.6.1"
  dependencies:
    "ansicolors" "^0.3.2"
    "bn.js" "^5.2.0"
    "debug" "^4.3.3"

"@metaplex-foundation/beet@^0.7.1", "@metaplex-foundation/beet@>=0.1.0", "@metaplex-foundation/beet@0.7.1":
  "version" "0.7.1"
  dependencies:
    "ansicolors" "^0.3.2"
    "bn.js" "^5.2.0"
    "debug" "^4.3.3"

"@metaplex-foundation/cusper@^0.0.2":
  "version" "0.0.2"

"@metaplex-foundation/js@^0.18.0":
  "version" "0.18.1"
  dependencies:
    "@bundlr-network/client" "^0.8.8"
    "@metaplex-foundation/beet" "0.7.1"
    "@metaplex-foundation/mpl-auction-house" "^2.3.0"
    "@metaplex-foundation/mpl-candy-guard" "^0.3.0"
    "@metaplex-foundation/mpl-candy-machine" "^5.0.0"
    "@metaplex-foundation/mpl-candy-machine-core" "^0.1.2"
    "@metaplex-foundation/mpl-token-metadata" "^2.7.0"
    "@noble/ed25519" "^1.7.1"
    "@noble/hashes" "^1.1.3"
    "@solana/spl-token" "^0.3.5"
    "@solana/web3.js" "^1.63.1"
    "bignumber.js" "^9.0.2"
    "bn.js" "^5.2.1"
    "bs58" "^5.0.0"
    "buffer" "^6.0.3"
    "debug" "^4.3.4"
    "eventemitter3" "^4.0.7"
    "lodash.clonedeep" "^4.5.0"
    "lodash.isequal" "^4.5.0"
    "merkletreejs" "^0.2.32"
    "mime" "^3.0.0"
    "node-fetch" "^2.6.7"

"@metaplex-foundation/mpl-auction-house@^2.3.0":
  "version" "2.3.2"
  dependencies:
    "@metaplex-foundation/beet" "^0.6.1"
    "@metaplex-foundation/beet-solana" "^0.3.1"
    "@metaplex-foundation/cusper" "^0.0.2"
    "@solana/spl-token" "^0.3.5"
    "@solana/web3.js" "^1.56.2"
    "bn.js" "^5.2.0"

"@metaplex-foundation/mpl-candy-guard@^0.3.0":
  "version" "0.3.2"
  dependencies:
    "@metaplex-foundation/beet" "^0.4.0"
    "@metaplex-foundation/beet-solana" "^0.3.0"
    "@metaplex-foundation/cusper" "^0.0.2"
    "@solana/web3.js" "^1.66.2"
    "bn.js" "^5.2.0"

"@metaplex-foundation/mpl-candy-machine-core@^0.1.2":
  "version" "0.1.2"
  dependencies:
    "@metaplex-foundation/beet" "^0.4.0"
    "@metaplex-foundation/beet-solana" "^0.3.0"
    "@metaplex-foundation/cusper" "^0.0.2"
    "@solana/web3.js" "^1.56.2"
    "bn.js" "^5.2.0"

"@metaplex-foundation/mpl-candy-machine@^5.0.0":
  "version" "5.1.0"
  dependencies:
    "@metaplex-foundation/beet" "^0.7.1"
    "@metaplex-foundation/beet-solana" "^0.4.0"
    "@metaplex-foundation/cusper" "^0.0.2"
    "@solana/spl-token" "^0.3.6"
    "@solana/web3.js" "^1.66.2"

"@metaplex-foundation/mpl-token-metadata@^2.7.0":
  "version" "2.8.4"
  dependencies:
    "@metaplex-foundation/beet" "^0.7.1"
    "@metaplex-foundation/beet-solana" "^0.4.0"
    "@metaplex-foundation/cusper" "^0.0.2"
    "@solana/spl-token" "^0.3.6"
    "@solana/web3.js" "^1.66.2"
    "bn.js" "^5.2.0"
    "debug" "^4.3.4"

"@noble/ed25519@^1.6.1", "@noble/ed25519@^1.7.0", "@noble/ed25519@^1.7.1":
  "version" "1.7.3"

"@noble/hashes@^1.1.2", "@noble/hashes@^1.1.3":
  "version" "1.2.0"

"@noble/secp256k1@^1.6.3":
  "version" "1.7.1"

"@project-serum/anchor@^0.11.1":
  "integrity" "sha512-oIdm4vTJkUy6GmE6JgqDAuQPKI7XM4TPJkjtoIzp69RZe0iAD9JP2XHx7lV1jLdYXeYHqDXfBt3zcq7W91K6PA=="
  "resolved" "https://registry.npmjs.org/@project-serum/anchor/-/anchor-0.11.1.tgz"
  "version" "0.11.1"
  dependencies:
    "@project-serum/borsh" "^0.2.2"
    "@solana/web3.js" "^1.17.0"
    "base64-js" "^1.5.1"
    "bn.js" "^5.1.2"
    "bs58" "^4.0.1"
    "buffer-layout" "^1.2.0"
    "camelcase" "^5.3.1"
    "crypto-hash" "^1.3.0"
    "eventemitter3" "^4.0.7"
    "find" "^0.3.0"
    "js-sha256" "^0.9.0"
    "pako" "^2.0.3"
    "snake-case" "^3.0.4"
    "toml" "^3.0.0"

"@project-serum/anchor@^0.26.0":
  "version" "0.26.0"
  dependencies:
    "@coral-xyz/borsh" "^0.26.0"
    "@solana/web3.js" "^1.68.0"
    "base64-js" "^1.5.1"
    "bn.js" "^5.1.2"
    "bs58" "^4.0.1"
    "buffer-layout" "^1.2.2"
    "camelcase" "^6.3.0"
    "cross-fetch" "^3.1.5"
    "crypto-hash" "^1.3.0"
    "eventemitter3" "^4.0.7"
    "js-sha256" "^0.9.0"
    "pako" "^2.0.3"
    "snake-case" "^3.0.4"
    "superstruct" "^0.15.4"
    "toml" "^3.0.0"

"@project-serum/borsh@^0.2.2":
  "integrity" "sha512-UmeUkUoKdQ7rhx6Leve1SssMR/Ghv8qrEiyywyxSWg7ooV7StdpPBhciiy5eB3T0qU1BXvdRNC8TdrkxK7WC5Q=="
  "resolved" "https://registry.npmjs.org/@project-serum/borsh/-/borsh-0.2.5.tgz"
  "version" "0.2.5"
  dependencies:
    "bn.js" "^5.1.2"
    "buffer-layout" "^1.2.0"

"@project-serum/serum@^0.13.65":
  "integrity" "sha512-BHRqsTqPSfFB5p+MgI2pjvMBAQtO8ibTK2fYY96boIFkCI3TTwXDt2gUmspeChKO2pqHr5aKevmexzAcXxrSRA=="
  "resolved" "https://registry.npmjs.org/@project-serum/serum/-/serum-0.13.65.tgz"
  "version" "0.13.65"
  dependencies:
    "@project-serum/anchor" "^0.11.1"
    "@solana/spl-token" "^0.1.6"
    "@solana/web3.js" "^1.21.0"
    "bn.js" "^5.1.2"
    "buffer-layout" "^1.2.0"

"@randlabs/communication-bridge@1.0.1":
  "version" "1.0.1"

"@randlabs/myalgo-connect@^1.1.2":
  "version" "1.4.2"
  dependencies:
    "@randlabs/communication-bridge" "1.0.1"

"@solana/buffer-layout-utils@^0.2.0":
  "version" "0.2.0"
  dependencies:
    "@solana/buffer-layout" "^4.0.0"
    "@solana/web3.js" "^1.32.0"
    "bigint-buffer" "^1.1.5"
    "bignumber.js" "^9.0.1"

"@solana/buffer-layout@^4.0.0":
  "version" "4.0.1"
  dependencies:
    "buffer" "~6.0.3"

"@solana/spl-token@^0.1.6":
  "integrity" "sha512-LZmYCKcPQDtJgecvWOgT/cnoIQPWjdH+QVyzPcFvyDUiT0DiRjZaam4aqNUyvchLFhzgunv3d9xOoyE34ofdoQ=="
  "resolved" "https://registry.npmjs.org/@solana/spl-token/-/spl-token-0.1.8.tgz"
  "version" "0.1.8"
  dependencies:
    "@babel/runtime" "^7.10.5"
    "@solana/web3.js" "^1.21.0"
    "bn.js" "^5.1.0"
    "buffer" "6.0.3"
    "buffer-layout" "^1.2.0"
    "dotenv" "10.0.0"

"@solana/spl-token@^0.3.5", "@solana/spl-token@^0.3.6", "@solana/spl-token@^0.3.7":
  "version" "0.3.7"
  dependencies:
    "@solana/buffer-layout" "^4.0.0"
    "@solana/buffer-layout-utils" "^0.2.0"
    "buffer" "^6.0.3"

"@solana/wallet-adapter-base@^0.9.2":
  "version" "0.9.21"
  dependencies:
    "@solana/wallet-standard-features" "^1.0.0"
    "@wallet-standard/base" "^1.0.1"
    "@wallet-standard/features" "^1.0.1"
    "eventemitter3" "^4.0.0"

"@solana/wallet-standard-features@^1.0.0":
  "version" "1.0.1"
  dependencies:
    "@wallet-standard/base" "^1.0.1"
    "@wallet-standard/features" "^1.0.3"

"@solana/web3.js@^1.17.0", "@solana/web3.js@^1.2.0", "@solana/web3.js@^1.21.0", "@solana/web3.js@^1.32.0", "@solana/web3.js@^1.36.0", "@solana/web3.js@^1.47.4", "@solana/web3.js@^1.56.2", "@solana/web3.js@^1.58.0", "@solana/web3.js@^1.63.1", "@solana/web3.js@^1.66.2", "@solana/web3.js@^1.68.0", "@solana/web3.js@^1.73.2":
  "integrity" "sha512-9WACF8W4Nstj7xiDw3Oom22QmrhBh0VyZyZ7JvvG3gOxLWLlX3hvm5nPVJOGcCE/9fFavBbCUb5A6CIuvMGdoA=="
  "resolved" "https://registry.npmjs.org/@solana/web3.js/-/web3.js-1.73.2.tgz"
  "version" "1.73.2"
  dependencies:
    "@babel/runtime" "^7.12.5"
    "@noble/ed25519" "^1.7.0"
    "@noble/hashes" "^1.1.2"
    "@noble/secp256k1" "^1.6.3"
    "@solana/buffer-layout" "^4.0.0"
    "agentkeepalive" "^4.2.1"
    "bigint-buffer" "^1.1.5"
    "bn.js" "^5.0.0"
    "borsh" "^0.7.0"
    "bs58" "^4.0.1"
    "buffer" "6.0.1"
    "fast-stable-stringify" "^1.0.0"
    "jayson" "^3.4.4"
    "node-fetch" "2"
    "rpc-websockets" "^7.5.0"
    "superstruct" "^0.14.2"

"@supercharge/promise-pool@^2.1.0":
  "version" "2.4.0"

"@types/bn.js@^5.1.0":
  "version" "5.1.1"
  dependencies:
    "@types/node" "*"

"@types/chai@^4.3.0":
  "version" "4.3.4"

"@types/connect@^3.4.33":
  "version" "3.4.35"
  dependencies:
    "@types/node" "*"

"@types/json5@^0.0.29":
  "version" "0.0.29"

"@types/mocha@^9.0.0":
  "version" "9.1.1"

"@types/node@*":
  "version" "18.14.0"

"@types/node@^12.12.54":
  "version" "12.20.55"

"@types/node@11.11.6":
  "version" "11.11.6"

"@types/pbkdf2@^3.0.0":
  "version" "3.1.0"
  dependencies:
    "@types/node" "*"

"@types/secp256k1@^4.0.1":
  "version" "4.0.3"
  dependencies:
    "@types/node" "*"

"@types/ws@^7.4.4":
  "version" "7.4.7"
  dependencies:
    "@types/node" "*"

"@ungap/promise-all-settled@1.1.2":
  "version" "1.1.2"

"@wallet-standard/base@^1.0.1":
  "version" "1.0.1"

"@wallet-standard/features@^1.0.1", "@wallet-standard/features@^1.0.3":
  "version" "1.0.3"
  dependencies:
    "@wallet-standard/base" "^1.0.1"

"aes-js@3.0.0":
  "version" "3.0.0"

"agentkeepalive@^4.2.1":
  "version" "4.2.1"
  dependencies:
    "debug" "^4.1.0"
    "depd" "^1.1.2"
    "humanize-ms" "^1.2.1"

"algo-msgpack-with-bigint@^2.1.1":
  "version" "2.1.1"

"algosdk@^1.13.1":
  "version" "1.24.1"
  dependencies:
    "algo-msgpack-with-bigint" "^2.1.1"
    "buffer" "^6.0.2"
    "cross-fetch" "^3.1.5"
    "hi-base32" "^0.5.1"
    "js-sha256" "^0.9.0"
    "js-sha3" "^0.8.0"
    "js-sha512" "^0.8.0"
    "json-bigint" "^1.0.0"
    "tweetnacl" "^1.0.3"
    "vlq" "^2.0.4"

"ansi-colors@4.1.1":
  "version" "4.1.1"

"ansi-escapes@^4.2.1":
  "version" "4.3.2"
  dependencies:
    "type-fest" "^0.21.3"

"ansi-regex@^5.0.1":
  "version" "5.0.1"

"ansi-styles@^4.0.0", "ansi-styles@^4.1.0":
  "version" "4.3.0"
  dependencies:
    "color-convert" "^2.0.1"

"ansicolors@^0.3.2":
  "version" "0.3.2"

"anymatch@~3.1.2":
  "version" "3.1.3"
  dependencies:
    "normalize-path" "^3.0.0"
    "picomatch" "^2.0.4"

"arbundles@^0.6.21":
  "version" "0.6.22"
  dependencies:
    "@noble/ed25519" "^1.6.1"
    "@randlabs/myalgo-connect" "^1.1.2"
    "@solana/wallet-adapter-base" "^0.9.2"
    "algosdk" "^1.13.1"
    "arweave" "^1.11.4"
    "arweave-stream-tx" "^1.1.0"
    "avsc" "https://github.com/Bundlr-Network/avsc#csp-fixes"
    "axios" "^0.21.3"
    "base64url" "^3.0.1"
    "bs58" "^4.0.1"
    "ethers" "^5.5.1"
    "keccak" "^3.0.2"
    "multistream" "^4.1.0"
    "process" "^0.11.10"
    "secp256k1" "^4.0.2"
    "tmp-promise" "^3.0.2"

"arconnect@^0.4.2":
  "version" "0.4.2"
  dependencies:
    "arweave" "^1.10.13"

"argparse@^2.0.1":
  "version" "2.0.1"

"arrify@^1.0.0":
  "version" "1.0.1"

"arweave-stream-tx@^1.1.0":
  "version" "1.2.2"
  dependencies:
    "exponential-backoff" "^3.1.0"

"arweave@^1.10.0", "arweave@^1.10.13", "arweave@^1.11.4":
  "version" "1.13.0"
  dependencies:
    "arconnect" "^0.4.2"
    "asn1.js" "^5.4.1"
    "base64-js" "^1.5.1"
    "bignumber.js" "^9.0.2"

"asn1.js@^5.4.1":
  "version" "5.4.1"
  dependencies:
    "bn.js" "^4.0.0"
    "inherits" "^2.0.1"
    "minimalistic-assert" "^1.0.0"
    "safer-buffer" "^2.1.0"

"assertion-error@^1.1.0":
  "version" "1.1.0"

"async-retry@^1.3.3":
  "version" "1.3.3"
  dependencies:
    "retry" "0.13.1"

"avsc@https://github.com/Bundlr-Network/avsc#csp-fixes":
  "resolved" "git+ssh://git@github.com/Bundlr-Network/avsc.git#a730cc8018b79e114b6a3381bbb57760a24c6cef"
  "version" "5.4.7"

"axios@^0.21.3":
  "version" "0.21.4"
  dependencies:
    "follow-redirects" "^1.14.0"

"axios@^0.25.0":
  "version" "0.25.0"
  dependencies:
    "follow-redirects" "^1.14.7"

"balanced-match@^1.0.0":
  "version" "1.0.2"

"base-x@^3.0.2":
  "version" "3.0.9"
  dependencies:
    "safe-buffer" "^5.0.1"

"base-x@^4.0.0":
  "version" "4.0.0"

"base64-js@^1.3.1", "base64-js@^1.5.1":
  "version" "1.5.1"

"base64url@^3.0.1":
  "version" "3.0.1"

"bech32@1.1.4":
  "version" "1.1.4"

"bigint-buffer@^1.1.5":
  "version" "1.1.5"
  dependencies:
    "bindings" "^1.3.0"

"bignumber.js@^9.0.0", "bignumber.js@^9.0.1", "bignumber.js@^9.0.2":
  "version" "9.1.1"

"binary-extensions@^2.0.0":
  "version" "2.2.0"

"bindings@^1.3.0":
  "version" "1.5.0"
  dependencies:
    "file-uri-to-path" "1.0.0"

"bip39-light@^1.0.7":
  "version" "1.0.7"
  dependencies:
    "create-hash" "^1.1.0"
    "pbkdf2" "^3.0.9"

"bip39@3.0.2":
  "version" "3.0.2"
  dependencies:
    "@types/node" "11.11.6"
    "create-hash" "^1.1.0"
    "pbkdf2" "^3.0.9"
    "randombytes" "^2.0.1"

"bl@^4.1.0":
  "version" "4.1.0"
  dependencies:
    "buffer" "^5.5.0"
    "inherits" "^2.0.4"
    "readable-stream" "^3.4.0"

"blakejs@^1.1.0":
  "version" "1.2.1"

"bn.js@^4.0.0":
  "version" "4.12.0"

"bn.js@^4.11.9":
  "version" "4.12.0"

"bn.js@^5.0.0", "bn.js@^5.1.0", "bn.js@^5.1.2", "bn.js@^5.2.0", "bn.js@^5.2.1":
  "version" "5.2.1"

"bn.js@4.11.6":
  "version" "4.11.6"

"bn.js@5.2.0":
  "version" "5.2.0"

"borsh@^0.6.0":
  "version" "0.6.0"
  dependencies:
    "bn.js" "^5.2.0"
    "bs58" "^4.0.0"
    "text-encoding-utf-8" "^1.0.2"

"borsh@^0.7.0":
  "version" "0.7.0"
  dependencies:
    "bn.js" "^5.2.0"
    "bs58" "^4.0.0"
    "text-encoding-utf-8" "^1.0.2"

"brace-expansion@^1.1.7":
  "version" "1.1.11"
  dependencies:
    "balanced-match" "^1.0.0"
    "concat-map" "0.0.1"

"braces@~3.0.2":
  "version" "3.0.2"
  dependencies:
    "fill-range" "^7.0.1"

"brorand@^1.1.0":
  "version" "1.1.0"

"browser-stdout@1.3.1":
  "version" "1.3.1"

"browserify-aes@^1.2.0":
  "version" "1.2.0"
  dependencies:
    "buffer-xor" "^1.0.3"
    "cipher-base" "^1.0.0"
    "create-hash" "^1.1.0"
    "evp_bytestokey" "^1.0.3"
    "inherits" "^2.0.1"
    "safe-buffer" "^5.0.1"

"bs58@^4.0.0", "bs58@^4.0.1":
  "version" "4.0.1"
  dependencies:
    "base-x" "^3.0.2"

"bs58@^5.0.0":
  "version" "5.0.0"
  dependencies:
    "base-x" "^4.0.0"

"bs58check@^2.1.2":
  "version" "2.1.2"
  dependencies:
    "bs58" "^4.0.0"
    "create-hash" "^1.1.0"
    "safe-buffer" "^5.1.2"

"buffer-from@^1.0.0", "buffer-from@^1.1.0":
  "version" "1.1.2"

"buffer-layout@^1.2.0", "buffer-layout@^1.2.2":
  "version" "1.2.2"

"buffer-reverse@^1.0.1":
  "version" "1.0.1"

"buffer-xor@^1.0.3":
  "version" "1.0.3"

"buffer@^5.5.0":
  "version" "5.7.1"
  dependencies:
    "base64-js" "^1.3.1"
    "ieee754" "^1.1.13"

"buffer@^6.0.2", "buffer@^6.0.3", "buffer@~6.0.3", "buffer@6.0.3":
  "version" "6.0.3"
  dependencies:
    "base64-js" "^1.3.1"
    "ieee754" "^1.2.1"

"buffer@6.0.1":
  "version" "6.0.1"
  dependencies:
    "base64-js" "^1.3.1"
    "ieee754" "^1.2.1"

"bufferutil@^4.0.1":
  "version" "4.0.7"
  dependencies:
    "node-gyp-build" "^4.3.0"

"camelcase@^5.3.1":
  "integrity" "sha512-L28STB170nwWS63UjtlEOE3dldQApaJXZkOI1uMFfzf3rRuPegHaHesyee+YxQ+W6SvRDQV6UrdOdRiR153wJg=="
  "resolved" "https://registry.npmjs.org/camelcase/-/camelcase-5.3.1.tgz"
  "version" "5.3.1"

"camelcase@^6.0.0", "camelcase@^6.3.0":
  "version" "6.3.0"

"capability@^0.2.5":
  "version" "0.2.5"

"chai@^4.3.4":
  "version" "4.3.7"
  dependencies:
    "assertion-error" "^1.1.0"
    "check-error" "^1.0.2"
    "deep-eql" "^4.1.2"
    "get-func-name" "^2.0.0"
    "loupe" "^2.3.1"
    "pathval" "^1.1.1"
    "type-detect" "^4.0.5"

"chalk@^4.1.0", "chalk@^4.1.1":
  "version" "4.1.2"
  dependencies:
    "ansi-styles" "^4.1.0"
    "supports-color" "^7.1.0"

"chardet@^0.7.0":
  "version" "0.7.0"

"check-error@^1.0.2":
  "version" "1.0.2"

"chokidar@3.5.3":
  "version" "3.5.3"
  dependencies:
    "anymatch" "~3.1.2"
    "braces" "~3.0.2"
    "glob-parent" "~5.1.2"
    "is-binary-path" "~2.1.0"
    "is-glob" "~4.0.1"
    "normalize-path" "~3.0.0"
    "readdirp" "~3.6.0"
  optionalDependencies:
    "fsevents" "~2.3.2"

"cipher-base@^1.0.0", "cipher-base@^1.0.1", "cipher-base@^1.0.3":
  "version" "1.0.4"
  dependencies:
    "inherits" "^2.0.1"
    "safe-buffer" "^5.0.1"

"cli-cursor@^3.1.0":
  "version" "3.1.0"
  dependencies:
    "restore-cursor" "^3.1.0"

"cli-spinners@^2.5.0":
  "version" "2.7.0"

"cli-width@^3.0.0":
  "version" "3.0.0"

"cliui@^7.0.2":
  "version" "7.0.4"
  dependencies:
    "string-width" "^4.2.0"
    "strip-ansi" "^6.0.0"
    "wrap-ansi" "^7.0.0"

"clone@^1.0.2":
  "version" "1.0.4"

"color-convert@^2.0.1":
  "version" "2.0.1"
  dependencies:
    "color-name" "~1.1.4"

"color-name@~1.1.4":
  "version" "1.1.4"

"commander@^2.20.3":
  "version" "2.20.3"

"commander@^8.2.0":
  "version" "8.3.0"

"concat-map@0.0.1":
  "version" "0.0.1"

"create-hash@^1.1.0", "create-hash@^1.1.2", "create-hash@^1.2.0":
  "version" "1.2.0"
  dependencies:
    "cipher-base" "^1.0.1"
    "inherits" "^2.0.1"
    "md5.js" "^1.3.4"
    "ripemd160" "^2.0.1"
    "sha.js" "^2.4.0"

"create-hmac@^1.1.4", "create-hmac@^1.1.7", "create-hmac@1.1.7":
  "version" "1.1.7"
  dependencies:
    "cipher-base" "^1.0.3"
    "create-hash" "^1.1.0"
    "inherits" "^2.0.1"
    "ripemd160" "^2.0.0"
    "safe-buffer" "^5.0.1"
    "sha.js" "^2.4.8"

"cross-fetch@^3.1.5":
  "version" "3.1.5"
  dependencies:
    "node-fetch" "2.6.7"

"crypto-hash@^1.3.0":
  "version" "1.3.0"

"crypto-js@^3.1.9-1":
  "version" "3.3.0"

"csv-generate@^4.2.2":
  "version" "4.2.2"

"csv-parse@^5.3.5":
  "version" "5.3.5"

"csv-stringify@^6.2.4":
  "version" "6.2.4"

"csv@^6.0.5":
  "version" "6.2.7"
  dependencies:
    "csv-generate" "^4.2.2"
    "csv-parse" "^5.3.5"
    "csv-stringify" "^6.2.4"
    "stream-transform" "^3.2.2"

"debug@^4.1.0", "debug@^4.3.3", "debug@^4.3.4":
  "version" "4.3.4"
  dependencies:
    "ms" "2.1.2"

"debug@4.3.3":
  "version" "4.3.3"
  dependencies:
    "ms" "2.1.2"

"decamelize@^4.0.0":
  "version" "4.0.0"

"deep-eql@^4.1.2":
  "version" "4.1.3"
  dependencies:
    "type-detect" "^4.0.0"

"defaults@^1.0.3":
  "version" "1.0.4"
  dependencies:
    "clone" "^1.0.2"

"delay@^5.0.0":
  "version" "5.0.0"

"depd@^1.1.2", "depd@~1.1.2":
  "version" "1.1.2"

"depd@^2.0.0":
  "version" "2.0.0"

"diff@^3.1.0":
  "version" "3.5.0"

"diff@5.0.0":
  "version" "5.0.0"

"dot-case@^3.0.4":
  "version" "3.0.4"
  dependencies:
    "no-case" "^3.0.4"
    "tslib" "^2.0.3"

"dotenv@10.0.0":
  "integrity" "sha512-rlBi9d8jpv9Sf1klPjNfFAuWDjKLwTIJJ/VxtoTwIR6hnZxcEOQCZg2oIL3MWBYw5GpUDKOEnND7LXTbIpQ03Q=="
  "resolved" "https://registry.npmjs.org/dotenv/-/dotenv-10.0.0.tgz"
  "version" "10.0.0"

"elliptic@^6.5.4", "elliptic@6.5.4":
  "version" "6.5.4"
  dependencies:
    "bn.js" "^4.11.9"
    "brorand" "^1.1.0"
    "hash.js" "^1.0.0"
    "hmac-drbg" "^1.0.1"
    "inherits" "^2.0.4"
    "minimalistic-assert" "^1.0.1"
    "minimalistic-crypto-utils" "^1.0.1"

"emoji-regex@^8.0.0":
  "version" "8.0.0"

"error-polyfill@^0.1.3":
  "version" "0.1.3"
  dependencies:
    "capability" "^0.2.5"
    "o3" "^1.0.3"
    "u3" "^0.1.1"

"es6-promise@^4.0.3":
  "version" "4.2.8"

"es6-promisify@^5.0.0":
  "version" "5.0.0"
  dependencies:
    "es6-promise" "^4.0.3"

"escalade@^3.1.1":
  "version" "3.1.1"

"escape-string-regexp@^1.0.5":
  "version" "1.0.5"

"escape-string-regexp@4.0.0":
  "version" "4.0.0"

"ethereum-bloom-filters@^1.0.6":
  "version" "1.0.10"
  dependencies:
    "js-sha3" "^0.8.0"

"ethereum-cryptography@^0.1.3":
  "version" "0.1.3"
  dependencies:
    "@types/pbkdf2" "^3.0.0"
    "@types/secp256k1" "^4.0.1"
    "blakejs" "^1.1.0"
    "browserify-aes" "^1.2.0"
    "bs58check" "^2.1.2"
    "create-hash" "^1.2.0"
    "create-hmac" "^1.1.7"
    "hash.js" "^1.1.7"
    "keccak" "^3.0.0"
    "pbkdf2" "^3.0.17"
    "randombytes" "^2.1.0"
    "safe-buffer" "^5.1.2"
    "scrypt-js" "^3.0.0"
    "secp256k1" "^4.0.1"
    "setimmediate" "^1.0.5"

"ethereumjs-util@^7.1.0":
  "version" "7.1.5"
  dependencies:
    "@types/bn.js" "^5.1.0"
    "bn.js" "^5.1.2"
    "create-hash" "^1.1.2"
    "ethereum-cryptography" "^0.1.3"
    "rlp" "^2.2.4"

"ethers@^5.5.1":
  "version" "5.7.2"
  dependencies:
    "@ethersproject/abi" "5.7.0"
    "@ethersproject/abstract-provider" "5.7.0"
    "@ethersproject/abstract-signer" "5.7.0"
    "@ethersproject/address" "5.7.0"
    "@ethersproject/base64" "5.7.0"
    "@ethersproject/basex" "5.7.0"
    "@ethersproject/bignumber" "5.7.0"
    "@ethersproject/bytes" "5.7.0"
    "@ethersproject/constants" "5.7.0"
    "@ethersproject/contracts" "5.7.0"
    "@ethersproject/hash" "5.7.0"
    "@ethersproject/hdnode" "5.7.0"
    "@ethersproject/json-wallets" "5.7.0"
    "@ethersproject/keccak256" "5.7.0"
    "@ethersproject/logger" "5.7.0"
    "@ethersproject/networks" "5.7.1"
    "@ethersproject/pbkdf2" "5.7.0"
    "@ethersproject/properties" "5.7.0"
    "@ethersproject/providers" "5.7.2"
    "@ethersproject/random" "5.7.0"
    "@ethersproject/rlp" "5.7.0"
    "@ethersproject/sha2" "5.7.0"
    "@ethersproject/signing-key" "5.7.0"
    "@ethersproject/solidity" "5.7.0"
    "@ethersproject/strings" "5.7.0"
    "@ethersproject/transactions" "5.7.0"
    "@ethersproject/units" "5.7.0"
    "@ethersproject/wallet" "5.7.0"
    "@ethersproject/web" "5.7.1"
    "@ethersproject/wordlists" "5.7.0"

"ethjs-unit@0.1.6":
  "version" "0.1.6"
  dependencies:
    "bn.js" "4.11.6"
    "number-to-bn" "1.7.0"

"eventemitter3@^4.0.0", "eventemitter3@^4.0.7":
  "version" "4.0.7"

"evp_bytestokey@^1.0.3":
  "version" "1.0.3"
  dependencies:
    "md5.js" "^1.3.4"
    "safe-buffer" "^5.1.1"

"exponential-backoff@^3.1.0":
  "version" "3.1.1"

"external-editor@^3.0.3":
  "version" "3.1.0"
  dependencies:
    "chardet" "^0.7.0"
    "iconv-lite" "^0.4.24"
    "tmp" "^0.0.33"

"eyes@^0.1.8":
  "version" "0.1.8"

"fast-stable-stringify@^1.0.0":
  "version" "1.0.0"

"figures@^3.0.0":
  "version" "3.2.0"
  dependencies:
    "escape-string-regexp" "^1.0.5"

"file-uri-to-path@1.0.0":
  "version" "1.0.0"

"fill-range@^7.0.1":
  "version" "7.0.1"
  dependencies:
    "to-regex-range" "^5.0.1"

"find-up@5.0.0":
  "version" "5.0.0"
  dependencies:
    "locate-path" "^6.0.0"
    "path-exists" "^4.0.0"

"find@^0.3.0":
  "integrity" "sha512-iSd+O4OEYV/I36Zl8MdYJO0xD82wH528SaCieTVHhclgiYNe9y+yPKSwK+A7/WsmHL1EZ+pYUJBXWTL5qofksw=="
  "resolved" "https://registry.npmjs.org/find/-/find-0.3.0.tgz"
  "version" "0.3.0"
  dependencies:
    "traverse-chain" "~0.1.0"

"flat@^5.0.2":
  "version" "5.0.2"

"follow-redirects@^1.14.0", "follow-redirects@^1.14.7":
  "version" "1.15.2"

"fs.realpath@^1.0.0":
  "version" "1.0.0"

"fsevents@~2.3.2":
  "version" "2.3.2"

"get-caller-file@^2.0.5":
  "version" "2.0.5"

"get-func-name@^2.0.0":
  "version" "2.0.0"

"glob-parent@~5.1.2":
  "version" "5.1.2"
  dependencies:
    "is-glob" "^4.0.1"

"glob@^7.1.3":
  "version" "7.2.3"
  dependencies:
    "fs.realpath" "^1.0.0"
    "inflight" "^1.0.4"
    "inherits" "2"
    "minimatch" "^3.1.1"
    "once" "^1.3.0"
    "path-is-absolute" "^1.0.0"

"glob@7.2.0":
  "version" "7.2.0"
  dependencies:
    "fs.realpath" "^1.0.0"
    "inflight" "^1.0.4"
    "inherits" "2"
    "minimatch" "^3.0.4"
    "once" "^1.3.0"
    "path-is-absolute" "^1.0.0"

"growl@1.10.5":
  "version" "1.10.5"

"has-flag@^4.0.0":
  "version" "4.0.0"

"hash-base@^3.0.0":
  "version" "3.1.0"
  dependencies:
    "inherits" "^2.0.4"
    "readable-stream" "^3.6.0"
    "safe-buffer" "^5.2.0"

"hash.js@^1.0.0", "hash.js@^1.0.3", "hash.js@^1.1.7", "hash.js@1.1.7":
  "version" "1.1.7"
  dependencies:
    "inherits" "^2.0.3"
    "minimalistic-assert" "^1.0.1"

"he@1.2.0":
  "version" "1.2.0"

"hi-base32@^0.5.1":
  "version" "0.5.1"

"hmac-drbg@^1.0.1":
  "version" "1.0.1"
  dependencies:
    "hash.js" "^1.0.3"
    "minimalistic-assert" "^1.0.0"
    "minimalistic-crypto-utils" "^1.0.1"

"http-errors@^1.7.2":
  "version" "1.8.1"
  dependencies:
    "depd" "~1.1.2"
    "inherits" "2.0.4"
    "setprototypeof" "1.2.0"
    "statuses" ">= 1.5.0 < 2"
    "toidentifier" "1.0.1"

"humanize-ms@^1.2.1":
  "version" "1.2.1"
  dependencies:
    "ms" "^2.0.0"

"iconv-lite@^0.4.24":
  "version" "0.4.24"
  dependencies:
    "safer-buffer" ">= 2.1.2 < 3"

"ieee754@^1.1.13", "ieee754@^1.2.1":
  "version" "1.2.1"

"inflight@^1.0.4":
  "version" "1.0.6"
  dependencies:
    "once" "^1.3.0"
    "wrappy" "1"

"inherits@^2.0.1", "inherits@^2.0.3", "inherits@^2.0.4", "inherits@2", "inherits@2.0.4":
  "version" "2.0.4"

"inquirer@^8.2.0":
  "version" "8.2.5"
  dependencies:
    "ansi-escapes" "^4.2.1"
    "chalk" "^4.1.1"
    "cli-cursor" "^3.1.0"
    "cli-width" "^3.0.0"
    "external-editor" "^3.0.3"
    "figures" "^3.0.0"
    "lodash" "^4.17.21"
    "mute-stream" "0.0.8"
    "ora" "^5.4.1"
    "run-async" "^2.4.0"
    "rxjs" "^7.5.5"
    "string-width" "^4.1.0"
    "strip-ansi" "^6.0.0"
    "through" "^2.3.6"
    "wrap-ansi" "^7.0.0"

"is-binary-path@~2.1.0":
  "version" "2.1.0"
  dependencies:
    "binary-extensions" "^2.0.0"

"is-extglob@^2.1.1":
  "version" "2.1.1"

"is-fullwidth-code-point@^3.0.0":
  "version" "3.0.0"

"is-glob@^4.0.1", "is-glob@~4.0.1":
  "version" "4.0.3"
  dependencies:
    "is-extglob" "^2.1.1"

"is-hex-prefixed@1.0.0":
  "version" "1.0.0"

"is-interactive@^1.0.0":
  "version" "1.0.0"

"is-number@^7.0.0":
  "version" "7.0.0"

"is-plain-obj@^2.1.0":
  "version" "2.1.0"

"is-unicode-supported@^0.1.0":
  "version" "0.1.0"

"isexe@^2.0.0":
  "version" "2.0.0"

"isomorphic-ws@^4.0.1":
  "version" "4.0.1"

"jayson@^3.4.4":
  "version" "3.7.0"
  dependencies:
    "@types/connect" "^3.4.33"
    "@types/node" "^12.12.54"
    "@types/ws" "^7.4.4"
    "commander" "^2.20.3"
    "delay" "^5.0.0"
    "es6-promisify" "^5.0.0"
    "eyes" "^0.1.8"
    "isomorphic-ws" "^4.0.1"
    "json-stringify-safe" "^5.0.1"
    "JSONStream" "^1.3.5"
    "lodash" "^4.17.20"
    "uuid" "^8.3.2"
    "ws" "^7.4.5"

"js-sha256@^0.9.0":
  "version" "0.9.0"

"js-sha3@^0.8.0", "js-sha3@0.8.0":
  "version" "0.8.0"

"js-sha512@^0.8.0":
  "version" "0.8.0"

"js-yaml@4.1.0":
  "version" "4.1.0"
  dependencies:
    "argparse" "^2.0.1"

"json-bigint@^1.0.0":
  "version" "1.0.0"
  dependencies:
    "bignumber.js" "^9.0.0"

"json-stringify-safe@^5.0.1":
  "version" "5.0.1"

"json5@^1.0.1":
  "version" "1.0.2"
  dependencies:
    "minimist" "^1.2.0"

"jsonparse@^1.2.0":
  "version" "1.3.1"

"JSONStream@^1.3.5":
  "version" "1.3.5"
  dependencies:
    "jsonparse" "^1.2.0"
    "through" ">=2.2.7 <3"

"keccak@^3.0.0", "keccak@^3.0.2":
  "version" "3.0.3"
  dependencies:
    "node-addon-api" "^2.0.0"
    "node-gyp-build" "^4.2.0"
    "readable-stream" "^3.6.0"

"locate-path@^6.0.0":
  "version" "6.0.0"
  dependencies:
    "p-locate" "^5.0.0"

"lodash.clonedeep@^4.5.0":
  "version" "4.5.0"

"lodash.isequal@^4.5.0":
  "version" "4.5.0"

"lodash@^4.17.20", "lodash@^4.17.21":
  "version" "4.17.21"

"log-symbols@^4.1.0", "log-symbols@4.1.0":
  "version" "4.1.0"
  dependencies:
    "chalk" "^4.1.0"
    "is-unicode-supported" "^0.1.0"

"loupe@^2.3.1":
  "version" "2.3.6"
  dependencies:
    "get-func-name" "^2.0.0"

"lower-case@^2.0.2":
  "version" "2.0.2"
  dependencies:
    "tslib" "^2.0.3"

"make-error@^1.1.1":
  "version" "1.3.6"

"md5.js@^1.3.4":
  "version" "1.3.5"
  dependencies:
    "hash-base" "^3.0.0"
    "inherits" "^2.0.1"
    "safe-buffer" "^5.1.2"

"merkletreejs@^0.2.32":
  "version" "0.2.32"
  dependencies:
    "bignumber.js" "^9.0.1"
    "buffer-reverse" "^1.0.1"
    "crypto-js" "^3.1.9-1"
    "treeify" "^1.1.0"
    "web3-utils" "^1.3.4"

"mime-db@1.52.0":
  "version" "1.52.0"

"mime-types@^2.1.34":
  "version" "2.1.35"
  dependencies:
    "mime-db" "1.52.0"

"mime@^3.0.0":
  "version" "3.0.0"

"mimic-fn@^2.1.0":
  "version" "2.1.0"

"minimalistic-assert@^1.0.0", "minimalistic-assert@^1.0.1":
  "version" "1.0.1"

"minimalistic-crypto-utils@^1.0.1":
  "version" "1.0.1"

"minimatch@^3.0.4", "minimatch@^3.1.1":
  "version" "3.1.2"
  dependencies:
    "brace-expansion" "^1.1.7"

"minimatch@4.2.1":
  "version" "4.2.1"
  dependencies:
    "brace-expansion" "^1.1.7"

"minimist@^1.2.0", "minimist@^1.2.6":
  "version" "1.2.8"

"mkdirp@^0.5.1":
  "version" "0.5.6"
  dependencies:
    "minimist" "^1.2.6"

"mocha@^3.X.X || ^4.X.X || ^5.X.X || ^6.X.X || ^7.X.X || ^8.X.X || ^9.X.X || ^10.X.X", "mocha@^9.0.3":
  "version" "9.2.2"
  dependencies:
    "@ungap/promise-all-settled" "1.1.2"
    "ansi-colors" "4.1.1"
    "browser-stdout" "1.3.1"
    "chokidar" "3.5.3"
    "debug" "4.3.3"
    "diff" "5.0.0"
    "escape-string-regexp" "4.0.0"
    "find-up" "5.0.0"
    "glob" "7.2.0"
    "growl" "1.10.5"
    "he" "1.2.0"
    "js-yaml" "4.1.0"
    "log-symbols" "4.1.0"
    "minimatch" "4.2.1"
    "ms" "2.1.3"
    "nanoid" "3.3.1"
    "serialize-javascript" "6.0.0"
    "strip-json-comments" "3.1.1"
    "supports-color" "8.1.1"
    "which" "2.0.2"
    "workerpool" "6.2.0"
    "yargs" "16.2.0"
    "yargs-parser" "20.2.4"
    "yargs-unparser" "2.0.0"

"ms@^2.0.0":
  "version" "2.1.3"

"ms@2.1.2":
  "version" "2.1.2"

"ms@2.1.3":
  "version" "2.1.3"

"multistream@^4.1.0":
  "version" "4.1.0"
  dependencies:
    "once" "^1.4.0"
    "readable-stream" "^3.6.0"

"mustache@^4.0.0":
  "version" "4.2.0"

"mute-stream@0.0.8":
  "version" "0.0.8"

"nanoid@3.3.1":
  "version" "3.3.1"

"near-api-js@^0.44.2":
  "version" "0.44.2"
  dependencies:
    "bn.js" "5.2.0"
    "borsh" "^0.6.0"
    "bs58" "^4.0.0"
    "depd" "^2.0.0"
    "error-polyfill" "^0.1.3"
    "http-errors" "^1.7.2"
    "js-sha256" "^0.9.0"
    "mustache" "^4.0.0"
    "node-fetch" "^2.6.1"
    "text-encoding-utf-8" "^1.0.2"
    "tweetnacl" "^1.0.1"

"near-hd-key@^1.2.1":
  "version" "1.2.1"
  dependencies:
    "bip39" "3.0.2"
    "create-hmac" "1.1.7"
    "tweetnacl" "1.0.3"

"near-seed-phrase@^0.2.0":
  "version" "0.2.0"
  dependencies:
    "bip39-light" "^1.0.7"
    "bs58" "^4.0.1"
    "near-hd-key" "^1.2.1"
    "tweetnacl" "^1.0.2"

"no-case@^3.0.4":
  "version" "3.0.4"
  dependencies:
    "lower-case" "^2.0.2"
    "tslib" "^2.0.3"

"node-addon-api@^2.0.0":
  "version" "2.0.2"

"node-fetch@^2.6.1", "node-fetch@^2.6.7", "node-fetch@2":
  "version" "2.6.9"
  dependencies:
    "whatwg-url" "^5.0.0"

"node-fetch@2.6.7":
  "version" "2.6.7"
  dependencies:
    "whatwg-url" "^5.0.0"

"node-gyp-build@^4.2.0", "node-gyp-build@^4.3.0":
  "version" "4.6.0"

"normalize-path@^3.0.0", "normalize-path@~3.0.0":
  "version" "3.0.0"

"number-to-bn@1.7.0":
  "version" "1.7.0"
  dependencies:
    "bn.js" "4.11.6"
    "strip-hex-prefix" "1.0.0"

"o3@^1.0.3":
  "version" "1.0.3"
  dependencies:
    "capability" "^0.2.5"

"once@^1.3.0", "once@^1.4.0":
  "version" "1.4.0"
  dependencies:
    "wrappy" "1"

"onetime@^5.1.0":
  "version" "5.1.2"
  dependencies:
    "mimic-fn" "^2.1.0"

"ora@^5.4.1":
  "version" "5.4.1"
  dependencies:
    "bl" "^4.1.0"
    "chalk" "^4.1.0"
    "cli-cursor" "^3.1.0"
    "cli-spinners" "^2.5.0"
    "is-interactive" "^1.0.0"
    "is-unicode-supported" "^0.1.0"
    "log-symbols" "^4.1.0"
    "strip-ansi" "^6.0.0"
    "wcwidth" "^1.0.1"

"os-tmpdir@~1.0.2":
  "version" "1.0.2"

"p-limit@^3.0.2":
  "version" "3.1.0"
  dependencies:
    "yocto-queue" "^0.1.0"

"p-locate@^5.0.0":
  "version" "5.0.0"
  dependencies:
    "p-limit" "^3.0.2"

"pako@^2.0.3":
  "version" "2.1.0"

"path-exists@^4.0.0":
  "version" "4.0.0"

"path-is-absolute@^1.0.0":
  "version" "1.0.1"

"pathval@^1.1.1":
  "version" "1.1.1"

"pbkdf2@^3.0.17", "pbkdf2@^3.0.9":
  "version" "3.1.2"
  dependencies:
    "create-hash" "^1.1.2"
    "create-hmac" "^1.1.4"
    "ripemd160" "^2.0.1"
    "safe-buffer" "^5.0.1"
    "sha.js" "^2.4.8"

"picomatch@^2.0.4", "picomatch@^2.2.1":
  "version" "2.3.1"

"prettier@^2.6.2":
  "version" "2.8.4"

"process@^0.11.10":
  "version" "0.11.10"

"randombytes@^2.0.1", "randombytes@^2.1.0":
  "version" "2.1.0"
  dependencies:
    "safe-buffer" "^5.1.0"

"readable-stream@^3.4.0", "readable-stream@^3.6.0":
  "version" "3.6.0"
  dependencies:
    "inherits" "^2.0.3"
    "string_decoder" "^1.1.1"
    "util-deprecate" "^1.0.1"

"readdirp@~3.6.0":
  "version" "3.6.0"
  dependencies:
    "picomatch" "^2.2.1"

"regenerator-runtime@^0.13.11":
  "version" "0.13.11"

"require-directory@^2.1.1":
  "version" "2.1.1"

"restore-cursor@^3.1.0":
  "version" "3.1.0"
  dependencies:
    "onetime" "^5.1.0"
    "signal-exit" "^3.0.2"

"retry@0.13.1":
  "version" "0.13.1"

"rimraf@^3.0.0":
  "version" "3.0.2"
  dependencies:
    "glob" "^7.1.3"

"ripemd160@^2.0.0", "ripemd160@^2.0.1":
  "version" "2.0.2"
  dependencies:
    "hash-base" "^3.0.0"
    "inherits" "^2.0.1"

"rlp@^2.2.4":
  "version" "2.2.7"
  dependencies:
    "bn.js" "^5.2.0"

"rpc-websockets@^7.5.0":
  "version" "7.5.0"
  dependencies:
    "@babel/runtime" "^7.17.2"
    "eventemitter3" "^4.0.7"
    "uuid" "^8.3.2"
    "ws" "^8.5.0"
  optionalDependencies:
    "bufferutil" "^4.0.1"
    "utf-8-validate" "^5.0.2"

"run-async@^2.4.0":
  "version" "2.4.1"

"rxjs@^7.5.5":
  "version" "7.8.0"
  dependencies:
    "tslib" "^2.1.0"

"safe-buffer@^5.0.1", "safe-buffer@^5.1.0", "safe-buffer@^5.1.1", "safe-buffer@^5.1.2", "safe-buffer@^5.2.0", "safe-buffer@~5.2.0":
  "version" "5.2.1"

"safer-buffer@^2.1.0", "safer-buffer@>= 2.1.2 < 3":
  "version" "2.1.2"

"scrypt-js@^3.0.0", "scrypt-js@3.0.1":
  "version" "3.0.1"

"secp256k1@^4.0.1", "secp256k1@^4.0.2":
  "version" "4.0.3"
  dependencies:
    "elliptic" "^6.5.4"
    "node-addon-api" "^2.0.0"
    "node-gyp-build" "^4.2.0"

"serialize-javascript@6.0.0":
  "version" "6.0.0"
  dependencies:
    "randombytes" "^2.1.0"

"setimmediate@^1.0.5":
  "version" "1.0.5"

"setprototypeof@1.2.0":
  "version" "1.2.0"

"sha.js@^2.4.0", "sha.js@^2.4.8":
  "version" "2.4.11"
  dependencies:
    "inherits" "^2.0.1"
    "safe-buffer" "^5.0.1"

"signal-exit@^3.0.2":
  "version" "3.0.7"

"snake-case@^3.0.4":
  "version" "3.0.4"
  dependencies:
    "dot-case" "^3.0.4"
    "tslib" "^2.0.3"

"source-map-support@^0.5.6":
  "version" "0.5.21"
  dependencies:
    "buffer-from" "^1.0.0"
    "source-map" "^0.6.0"

"source-map@^0.6.0":
  "version" "0.6.1"

"statuses@>= 1.5.0 < 2":
  "version" "1.5.0"

"stream-transform@^3.2.2":
  "version" "3.2.2"

"string_decoder@^1.1.1":
  "version" "1.3.0"
  dependencies:
    "safe-buffer" "~5.2.0"

"string-width@^4.1.0", "string-width@^4.2.0":
  "version" "4.2.3"
  dependencies:
    "emoji-regex" "^8.0.0"
    "is-fullwidth-code-point" "^3.0.0"
    "strip-ansi" "^6.0.1"

"strip-ansi@^6.0.0", "strip-ansi@^6.0.1":
  "version" "6.0.1"
  dependencies:
    "ansi-regex" "^5.0.1"

"strip-bom@^3.0.0":
  "version" "3.0.0"

"strip-hex-prefix@1.0.0":
  "version" "1.0.0"
  dependencies:
    "is-hex-prefixed" "1.0.0"

"strip-json-comments@3.1.1":
  "version" "3.1.1"

"superstruct@^0.14.2":
  "version" "0.14.2"

"superstruct@^0.15.4":
  "version" "0.15.5"

"supports-color@^7.1.0":
  "version" "7.2.0"
  dependencies:
    "has-flag" "^4.0.0"

"supports-color@8.1.1":
  "version" "8.1.1"
  dependencies:
    "has-flag" "^4.0.0"

"text-encoding-utf-8@^1.0.2":
  "version" "1.0.2"

"through@^2.3.6", "through@>=2.2.7 <3":
  "version" "2.3.8"

"tmp-promise@^3.0.2":
  "version" "3.0.3"
  dependencies:
    "tmp" "^0.2.0"

"tmp@^0.0.33":
  "version" "0.0.33"
  dependencies:
    "os-tmpdir" "~1.0.2"

"tmp@^0.2.0":
  "version" "0.2.1"
  dependencies:
    "rimraf" "^3.0.0"

"to-regex-range@^5.0.1":
  "version" "5.0.1"
  dependencies:
    "is-number" "^7.0.0"

"toidentifier@1.0.1":
  "version" "1.0.1"

"toml@^3.0.0":
  "version" "3.0.0"

"tr46@~0.0.3":
  "version" "0.0.3"

"traverse-chain@~0.1.0":
  "integrity" "sha512-up6Yvai4PYKhpNp5PkYtx50m3KbwQrqDwbuZP/ItyL64YEWHAvH6Md83LFLV/GRSk/BoUVwwgUzX6SOQSbsfAg=="
  "resolved" "https://registry.npmjs.org/traverse-chain/-/traverse-chain-0.1.0.tgz"
  "version" "0.1.0"

"treeify@^1.1.0":
  "version" "1.1.0"

"ts-mocha@^10.0.0":
  "version" "10.0.0"
  dependencies:
    "ts-node" "7.0.1"
  optionalDependencies:
    "tsconfig-paths" "^3.5.0"

"ts-node@7.0.1":
  "version" "7.0.1"
  dependencies:
    "arrify" "^1.0.0"
    "buffer-from" "^1.1.0"
    "diff" "^3.1.0"
    "make-error" "^1.1.1"
    "minimist" "^1.2.0"
    "mkdirp" "^0.5.1"
    "source-map-support" "^0.5.6"
    "yn" "^2.0.0"

"tsconfig-paths@^3.5.0":
  "version" "3.14.1"
  dependencies:
    "@types/json5" "^0.0.29"
    "json5" "^1.0.1"
    "minimist" "^1.2.6"
    "strip-bom" "^3.0.0"

"tslib@^2.0.3", "tslib@^2.1.0":
  "version" "2.5.0"

"tweetnacl@^1.0.1", "tweetnacl@^1.0.2", "tweetnacl@^1.0.3", "tweetnacl@1.0.3":
  "version" "1.0.3"

"type-detect@^4.0.0", "type-detect@^4.0.5":
  "version" "4.0.8"

"type-fest@^0.21.3":
  "version" "0.21.3"

"typescript@^4.3.5":
  "version" "4.9.5"

"u3@^0.1.1":
  "version" "0.1.1"

"utf-8-validate@^5.0.2", "utf-8-validate@>=5.0.2":
  "version" "5.0.10"
  dependencies:
    "node-gyp-build" "^4.3.0"

"utf8@3.0.0":
  "version" "3.0.0"

"util-deprecate@^1.0.1":
  "version" "1.0.2"

"uuid@^8.3.2":
  "version" "8.3.2"

"vlq@^2.0.4":
  "version" "2.0.4"

"wcwidth@^1.0.1":
  "version" "1.0.1"
  dependencies:
    "defaults" "^1.0.3"

"web3-utils@^1.3.4":
  "version" "1.8.2"
  dependencies:
    "bn.js" "^5.2.1"
    "ethereum-bloom-filters" "^1.0.6"
    "ethereumjs-util" "^7.1.0"
    "ethjs-unit" "0.1.6"
    "number-to-bn" "1.7.0"
    "randombytes" "^2.1.0"
    "utf8" "3.0.0"

"webidl-conversions@^3.0.0":
  "version" "3.0.1"

"whatwg-url@^5.0.0":
  "version" "5.0.0"
  dependencies:
    "tr46" "~0.0.3"
    "webidl-conversions" "^3.0.0"

"which@2.0.2":
  "version" "2.0.2"
  dependencies:
    "isexe" "^2.0.0"

"workerpool@6.2.0":
  "version" "6.2.0"

"wrap-ansi@^7.0.0":
  "version" "7.0.0"
  dependencies:
    "ansi-styles" "^4.0.0"
    "string-width" "^4.1.0"
    "strip-ansi" "^6.0.0"

"wrappy@1":
  "version" "1.0.2"

"ws@*", "ws@^7.4.5":
  "version" "7.5.9"

"ws@^8.5.0":
  "version" "8.12.1"

"ws@7.4.6":
  "version" "7.4.6"

"y18n@^5.0.5":
  "version" "5.0.8"

"yargs-parser@^20.2.2":
  "version" "20.2.9"

"yargs-parser@20.2.4":
  "version" "20.2.4"

"yargs-unparser@2.0.0":
  "version" "2.0.0"
  dependencies:
    "camelcase" "^6.0.0"
    "decamelize" "^4.0.0"
    "flat" "^5.0.2"
    "is-plain-obj" "^2.1.0"

"yargs@16.2.0":
  "version" "16.2.0"
  dependencies:
    "cliui" "^7.0.2"
    "escalade" "^3.1.1"
    "get-caller-file" "^2.0.5"
    "require-directory" "^2.1.1"
    "string-width" "^4.2.0"
    "y18n" "^5.0.5"
    "yargs-parser" "^20.2.2"

"yn@^2.0.0":
  "version" "2.0.0"

"yocto-queue@^0.1.0":
  "version" "0.1.0"
